
Microsoft Visual Studio Solution File, Format Version 12.00
# Visual Studio Version 17
VisualStudioVersion = 17.3.32922.545
MinimumVisualStudioVersion = 10.0.40219.1
Project("{FAE04EC0-301F-11D3-BF4B-00C04F79EFBC}") = "PM_04_DBA", "WindowsFormsApp1\PM_04_DBA.csproj", "{98430464-3806-4BFA-AAA4-96BE6D155148}"
EndProject
Global
	GlobalSection(SolutionConfigurationPlatforms) = preSolution
		Debug|Any CPU = Debug|Any CPU
		Release|Any CPU = Release|Any CPU
	EndGlobalSection
	GlobalSection(ProjectConfigurationPlatforms) = postSolution
		{98430464-3806-4BFA-AAA4-96BE6D155148}.Debug|Any CPU.ActiveCfg = Debug|Any CPU
		{98430464-3806-4BFA-AAA4-96BE6D155148}.Debug|Any CPU.Build.0 = Debug|Any CPU
		{98430464-3806-4BFA-AAA4-96BE6D155148}.Release|Any CPU.ActiveCfg = Release|Any CPU
		{98430464-3806-4BFA-AAA4-96BE6D155148}.Release|Any CPU.Build.0 = Release|Any CPU
	EndGlobalSection
	GlobalSection(SolutionProperties) = preSolution
		HideSolutionNode = FALSE
	EndGlobalSection
	GlobalSection(ExtensibilityGlobals) = postSolution
		SolutionGuid = {2C61E42B-99AD-4301-9DE4-707B37E36887}
	EndGlobalSection
EndGlobal
